
Microsoft Visual Studio Solution File, Format Version 12.00
# Visual Studio Version 17
VisualStudioVersion = 17.4.33205.214
MinimumVisualStudioVersion = 10.0.40219.1
Project("{8BC9CEB8-8B4A-11D0-8D11-00A0C91BC942}") = "TicTacToe.Business", "TicTacToe.Business\TicTacToe.Business.vcxproj", "{79E730C3-BF19-406A-97A8-4BEFD85AB607}"
EndProject
Project("{8BC9CEB8-8B4A-11D0-8D11-00A0C91BC942}") = "ConsoleUI", "ConsoleUI\ConsoleUI.vcxproj", "{F718F4B7-444B-4BB0-A20B-F96B1F1369E8}"
EndProject
Project("{8BC9CEB8-8B4A-11D0-8D11-00A0C91BC942}") = "QtFrameworkUI", "QtFrameworkUI\QtFrameworkUI.vcxproj", "{9B30B4E0-8108-41D0-B74F-4F28628A9083}"
EndProject
Global
	GlobalSection(SolutionConfigurationPlatforms) = preSolution
		Debug|x64 = Debug|x64
		Debug|x86 = Debug|x86
		Release|x64 = Release|x64
		Release|x86 = Release|x86
	EndGlobalSection
	GlobalSection(ProjectConfigurationPlatforms) = postSolution
		{79E730C3-BF19-406A-97A8-4BEFD85AB607}.Debug|x64.ActiveCfg = Debug|x64
		{79E730C3-BF19-406A-97A8-4BEFD85AB607}.Debug|x64.Build.0 = Debug|x64
		{79E730C3-BF19-406A-97A8-4BEFD85AB607}.Debug|x86.ActiveCfg = Debug|Win32
		{79E730C3-BF19-406A-97A8-4BEFD85AB607}.Debug|x86.Build.0 = Debug|Win32
		{79E730C3-BF19-406A-97A8-4BEFD85AB607}.Release|x64.ActiveCfg = Release|x64
		{79E730C3-BF19-406A-97A8-4BEFD85AB607}.Release|x64.Build.0 = Release|x64
		{79E730C3-BF19-406A-97A8-4BEFD85AB607}.Release|x86.ActiveCfg = Release|Win32
		{79E730C3-BF19-406A-97A8-4BEFD85AB607}.Release|x86.Build.0 = Release|Win32
		{F718F4B7-444B-4BB0-A20B-F96B1F1369E8}.Debug|x64.ActiveCfg = Debug|x64
		{F718F4B7-444B-4BB0-A20B-F96B1F1369E8}.Debug|x64.Build.0 = Debug|x64
		{F718F4B7-444B-4BB0-A20B-F96B1F1369E8}.Debug|x86.ActiveCfg = Debug|Win32
		{F718F4B7-444B-4BB0-A20B-F96B1F1369E8}.Debug|x86.Build.0 = Debug|Win32
		{F718F4B7-444B-4BB0-A20B-F96B1F1369E8}.Release|x64.ActiveCfg = Release|x64
		{F718F4B7-444B-4BB0-A20B-F96B1F1369E8}.Release|x64.Build.0 = Release|x64
		{F718F4B7-444B-4BB0-A20B-F96B1F1369E8}.Release|x86.ActiveCfg = Release|Win32
		{F718F4B7-444B-4BB0-A20B-F96B1F1369E8}.Release|x86.Build.0 = Release|Win32
		{9B30B4E0-8108-41D0-B74F-4F28628A9083}.Debug|x64.ActiveCfg = Debug|x64
		{9B30B4E0-8108-41D0-B74F-4F28628A9083}.Debug|x64.Build.0 = Debug|x64
		{9B30B4E0-8108-41D0-B74F-4F28628A9083}.Debug|x86.ActiveCfg = Debug|x64
		{9B30B4E0-8108-41D0-B74F-4F28628A9083}.Debug|x86.Build.0 = Debug|x64
		{9B30B4E0-8108-41D0-B74F-4F28628A9083}.Release|x64.ActiveCfg = Release|x64
		{9B30B4E0-8108-41D0-B74F-4F28628A9083}.Release|x64.Build.0 = Release|x64
		{9B30B4E0-8108-41D0-B74F-4F28628A9083}.Release|x86.ActiveCfg = Release|x64
		{9B30B4E0-8108-41D0-B74F-4F28628A9083}.Release|x86.Build.0 = Release|x64
	EndGlobalSection
	GlobalSection(SolutionProperties) = preSolution
		HideSolutionNode = FALSE
	EndGlobalSection
	GlobalSection(ExtensibilityGlobals) = postSolution
		SolutionGuid = {5F99DD8A-5ADD-4B21-BA21-3E6ECDC9444B}
	EndGlobalSection
EndGlobal
